
Microsoft Visual Studio Solution File, Format Version 12.00
# Visual Studio Version 17
VisualStudioVersion = 17.6.33801.468
MinimumVisualStudioVersion = 10.0.40219.1
Project("{9A19103F-16F7-4668-BE54-9A1E7A4F7556}") = "TrainingsManager.Backend.WebAPI", "TrainingsManager.Backend.WebAPI\TrainingsManager.Backend.WebAPI.csproj", "{75221543-DB75-4A35-8B59-663B68E8F60D}"
EndProject
Project("{9A19103F-16F7-4668-BE54-9A1E7A4F7556}") = "TrainingsManager.Backend.Model", "TrainingsManager.Backend.Model\TrainingsManager.Backend.Model.csproj", "{5929C45D-C289-4419-9E05-130C49AF73C7}"
EndProject
Project("{9A19103F-16F7-4668-BE54-9A1E7A4F7556}") = "TrainingsManager.Backend.Application", "TrainingsManager.Backend.Application\TrainingsManager.Backend.Application.csproj", "{331D34C2-0156-4B3A-902A-B4C72090A00D}"
EndProject
Project("{9A19103F-16F7-4668-BE54-9A1E7A4F7556}") = "TrainingsManager.Backend.EntityFramework", "TrainingsManager.Backend.EntityFramework\TrainingsManager.Backend.EntityFramework.csproj", "{A7DA0856-2E25-4374-8C11-457FBB2EFA0B}"
EndProject
Project("{2150E333-8FDC-42A3-9474-1A3956D46DE8}") = "Tests", "Tests", "{F286DCE1-F3D0-4615-9F2E-F3A62441D5B7}"
EndProject
Project("{FAE04EC0-301F-11D3-BF4B-00C04F79EFBC}") = "TrainingsManager.Backend.Application.UnitTests", "TrainingsManager.Backend.Application.UnitTests\TrainingsManager.Backend.Application.UnitTests.csproj", "{E02CE78B-036D-4F5E-B76F-111DF68A393A}"
EndProject
Global
	GlobalSection(SolutionConfigurationPlatforms) = preSolution
		Debug|Any CPU = Debug|Any CPU
		Release|Any CPU = Release|Any CPU
	EndGlobalSection
	GlobalSection(ProjectConfigurationPlatforms) = postSolution
		{75221543-DB75-4A35-8B59-663B68E8F60D}.Debug|Any CPU.ActiveCfg = Debug|Any CPU
		{75221543-DB75-4A35-8B59-663B68E8F60D}.Debug|Any CPU.Build.0 = Debug|Any CPU
		{75221543-DB75-4A35-8B59-663B68E8F60D}.Release|Any CPU.ActiveCfg = Release|Any CPU
		{75221543-DB75-4A35-8B59-663B68E8F60D}.Release|Any CPU.Build.0 = Release|Any CPU
		{5929C45D-C289-4419-9E05-130C49AF73C7}.Debug|Any CPU.ActiveCfg = Debug|Any CPU
		{5929C45D-C289-4419-9E05-130C49AF73C7}.Debug|Any CPU.Build.0 = Debug|Any CPU
		{5929C45D-C289-4419-9E05-130C49AF73C7}.Release|Any CPU.ActiveCfg = Release|Any CPU
		{5929C45D-C289-4419-9E05-130C49AF73C7}.Release|Any CPU.Build.0 = Release|Any CPU
		{331D34C2-0156-4B3A-902A-B4C72090A00D}.Debug|Any CPU.ActiveCfg = Debug|Any CPU
		{331D34C2-0156-4B3A-902A-B4C72090A00D}.Debug|Any CPU.Build.0 = Debug|Any CPU
		{331D34C2-0156-4B3A-902A-B4C72090A00D}.Release|Any CPU.ActiveCfg = Release|Any CPU
		{331D34C2-0156-4B3A-902A-B4C72090A00D}.Release|Any CPU.Build.0 = Release|Any CPU
		{A7DA0856-2E25-4374-8C11-457FBB2EFA0B}.Debug|Any CPU.ActiveCfg = Debug|Any CPU
		{A7DA0856-2E25-4374-8C11-457FBB2EFA0B}.Debug|Any CPU.Build.0 = Debug|Any CPU
		{A7DA0856-2E25-4374-8C11-457FBB2EFA0B}.Release|Any CPU.ActiveCfg = Release|Any CPU
		{A7DA0856-2E25-4374-8C11-457FBB2EFA0B}.Release|Any CPU.Build.0 = Release|Any CPU
		{E02CE78B-036D-4F5E-B76F-111DF68A393A}.Debug|Any CPU.ActiveCfg = Debug|Any CPU
		{E02CE78B-036D-4F5E-B76F-111DF68A393A}.Debug|Any CPU.Build.0 = Debug|Any CPU
		{E02CE78B-036D-4F5E-B76F-111DF68A393A}.Release|Any CPU.ActiveCfg = Release|Any CPU
		{E02CE78B-036D-4F5E-B76F-111DF68A393A}.Release|Any CPU.Build.0 = Release|Any CPU
	EndGlobalSection
	GlobalSection(SolutionProperties) = preSolution
		HideSolutionNode = FALSE
	EndGlobalSection
	GlobalSection(NestedProjects) = preSolution
		{E02CE78B-036D-4F5E-B76F-111DF68A393A} = {F286DCE1-F3D0-4615-9F2E-F3A62441D5B7}
	EndGlobalSection
	GlobalSection(ExtensibilityGlobals) = postSolution
		SolutionGuid = {9D162D89-0AE4-4BA7-BC3A-1860E4F5AD08}
	EndGlobalSection
EndGlobal
